NeoBundleLock ag.vim 994c27dd8f237573208548e7480e39b24ccbbfba
NeoBundleLock ctrlp.vim dfd391062e6f945114bb98c06109904635f73a69
NeoBundleLock neobundle.vim d4e76e8230f73949534920c52b4b9d85763ba11f
NeoBundleLock neosnippet-snippets 51c24c21d099a3a2c723632d192865ac76eacdde
NeoBundleLock neosnippet.vim bcb7620a852a542d0940a2ff691deb9da9309f07
NeoBundleLock supertab 66511772a430a5eaad7f7d03dbb02e8f33c4a641
NeoBundleLock vim-colorschemes 189f5182bb70fd35d0f56fee451c3f22a2a80135
NeoBundleLock vim-fugitive e1ae9effbcc9673bdc4bedbdbe6028f00114108c
NeoBundleLock vim-go 7828855f3eb168d2daec1d1304499d5a8cefdced
NeoBundleLock vimshell 3787e52766812d8b99a93ccdda57517bc2a0bab6
